// !$*UTF8*$!
{
	archiveVersion = 1;
	classes = {
	};
	objectVersion = 51;
	objects = {

/* Begin PBXBuildFile section */
		7A3C980F4E1DD7E22D056CFF /* Pods_D_Book.framework in Frameworks */ = {isa = PBXBuildFile; fileRef = F779AC549219EDFA0FDB4573 /* Pods_D_Book.framework */; };
		F22B4E0A24F6698B00873DEC /* SignUpViewController.swift in Sources */ = {isa = PBXBuildFile; fileRef = F22B4E0924F6698B00873DEC /* SignUpViewController.swift */; };
		F22B4E0E24F67F8F00873DEC /* SignUpViewModel.swift in Sources */ = {isa = PBXBuildFile; fileRef = F22B4E0D24F67F8F00873DEC /* SignUpViewModel.swift */; };
		F22B4E1324F684E000873DEC /* DefaultResponse.swift in Sources */ = {isa = PBXBuildFile; fileRef = F22B4E1224F684E000873DEC /* DefaultResponse.swift */; };
		F26A2B88251225DA00B0228E /* BookListViewModel.swift in Sources */ = {isa = PBXBuildFile; fileRef = F26A2B87251225DA00B0228E /* BookListViewModel.swift */; };
		F26A78E624CAB9C400EE4378 /* LoginViewController.swift in Sources */ = {isa = PBXBuildFile; fileRef = F26A78E524CAB9C400EE4378 /* LoginViewController.swift */; };
		F26A78EA24CABAA100EE4378 /* LoginViewModel.swift in Sources */ = {isa = PBXBuildFile; fileRef = F26A78E924CABAA100EE4378 /* LoginViewModel.swift */; };
		F26A78ED24CBA96500EE4378 /* ViewModelType.swift in Sources */ = {isa = PBXBuildFile; fileRef = F26A78EC24CBA96500EE4378 /* ViewModelType.swift */; };
		F26A78EF24CBACE600EE4378 /* ResponseProtocol.swift in Sources */ = {isa = PBXBuildFile; fileRef = F26A78EE24CBACE600EE4378 /* ResponseProtocol.swift */; };
		F2762A3324ED3E5F00CB6434 /* TokenManager.swift in Sources */ = {isa = PBXBuildFile; fileRef = F2762A3224ED3E5F00CB6434 /* TokenManager.swift */; };
		F2762A3524ED41B200CB6434 /* User.swift in Sources */ = {isa = PBXBuildFile; fileRef = F2762A3424ED41B200CB6434 /* User.swift */; };
		F2762A3724ED43BB00CB6434 /* DatabaseManager.swift in Sources */ = {isa = PBXBuildFile; fileRef = F2762A3624ED43BB00CB6434 /* DatabaseManager.swift */; };
		F2762A3A24ED44B100CB6434 /* UIActivityIndicatorView.swift in Sources */ = {isa = PBXBuildFile; fileRef = F2762A3924ED44B100CB6434 /* UIActivityIndicatorView.swift */; };
		F2762A3C24ED454B00CB6434 /* UIViewController.swift in Sources */ = {isa = PBXBuildFile; fileRef = F2762A3B24ED454B00CB6434 /* UIViewController.swift */; };
		F2872FC5248A6B4A0001F77C /* BookListTableViewCell.swift in Sources */ = {isa = PBXBuildFile; fileRef = F2872FC4248A6B4A0001F77C /* BookListTableViewCell.swift */; };
		F2A16804248A2CF5007502D9 /* Main.storyboard in Resources */ = {isa = PBXBuildFile; fileRef = F2A16802248A2CF5007502D9 /* Main.storyboard */; };
		F2A16806248A2CF8007502D9 /* Assets.xcassets in Resources */ = {isa = PBXBuildFile; fileRef = F2A16805248A2CF8007502D9 /* Assets.xcassets */; };
		F2A16809248A2CF8007502D9 /* LaunchScreen.storyboard in Resources */ = {isa = PBXBuildFile; fileRef = F2A16807248A2CF8007502D9 /* LaunchScreen.storyboard */; };
		F2B3E6ED24A9781B00AE23F1 /* JalnanOTF.otf in Resources */ = {isa = PBXBuildFile; fileRef = F2B3E6EC24A9781B00AE23F1 /* JalnanOTF.otf */; };
		F2CF199724FFB7C80086CBB2 /* BookListViewController.swift in Sources */ = {isa = PBXBuildFile; fileRef = F2CF199624FFB7C80086CBB2 /* BookListViewController.swift */; };
		F2E3E81B2540489900A716C6 /* AppDelegate.swift in Sources */ = {isa = PBXBuildFile; fileRef = F2E3E81A2540489900A716C6 /* AppDelegate.swift */; };
		F2F15FD724BBDE92001FA06B /* Login.storyboard in Resources */ = {isa = PBXBuildFile; fileRef = F2F15FD624BBDE92001FA06B /* Login.storyboard */; };
/* End PBXBuildFile section */

/* Begin PBXFileReference section */
		304C64F014188F07463407B7 /* Pods-D-Book.debug.xcconfig */ = {isa = PBXFileReference; includeInIndex = 1; lastKnownFileType = text.xcconfig; name = "Pods-D-Book.debug.xcconfig"; path = "Target Support Files/Pods-D-Book/Pods-D-Book.debug.xcconfig"; sourceTree = "<group>"; };
		7CC34EA1358F899A7A054E71 /* Pods-D-Book.release.xcconfig */ = {isa = PBXFileReference; includeInIndex = 1; lastKnownFileType = text.xcconfig; name = "Pods-D-Book.release.xcconfig"; path = "Target Support Files/Pods-D-Book/Pods-D-Book.release.xcconfig"; sourceTree = "<group>"; };
		F22B4E0924F6698B00873DEC /* SignUpViewController.swift */ = {isa = PBXFileReference; lastKnownFileType = sourcecode.swift; path = SignUpViewController.swift; sourceTree = "<group>"; };
		F22B4E0D24F67F8F00873DEC /* SignUpViewModel.swift */ = {isa = PBXFileReference; lastKnownFileType = sourcecode.swift; path = SignUpViewModel.swift; sourceTree = "<group>"; };
		F22B4E1224F684E000873DEC /* DefaultResponse.swift */ = {isa = PBXFileReference; lastKnownFileType = sourcecode.swift; path = DefaultResponse.swift; sourceTree = "<group>"; };
		F26A2B87251225DA00B0228E /* BookListViewModel.swift */ = {isa = PBXFileReference; lastKnownFileType = sourcecode.swift; path = BookListViewModel.swift; sourceTree = "<group>"; };
		F26A78E524CAB9C400EE4378 /* LoginViewController.swift */ = {isa = PBXFileReference; lastKnownFileType = sourcecode.swift; path = LoginViewController.swift; sourceTree = "<group>"; };
		F26A78E924CABAA100EE4378 /* LoginViewModel.swift */ = {isa = PBXFileReference; lastKnownFileType = sourcecode.swift; path = LoginViewModel.swift; sourceTree = "<group>"; };
		F26A78EC24CBA96500EE4378 /* ViewModelType.swift */ = {isa = PBXFileReference; lastKnownFileType = sourcecode.swift; path = ViewModelType.swift; sourceTree = "<group>"; };
		F26A78EE24CBACE600EE4378 /* ResponseProtocol.swift */ = {isa = PBXFileReference; lastKnownFileType = sourcecode.swift; path = ResponseProtocol.swift; sourceTree = "<group>"; };
		F2762A3224ED3E5F00CB6434 /* TokenManager.swift */ = {isa = PBXFileReference; lastKnownFileType = sourcecode.swift; path = TokenManager.swift; sourceTree = "<group>"; };
		F2762A3424ED41B200CB6434 /* User.swift */ = {isa = PBXFileReference; lastKnownFileType = sourcecode.swift; path = User.swift; sourceTree = "<group>"; };
		F2762A3624ED43BB00CB6434 /* DatabaseManager.swift */ = {isa = PBXFileReference; lastKnownFileType = sourcecode.swift; path = DatabaseManager.swift; sourceTree = "<group>"; };
		F2762A3924ED44B100CB6434 /* UIActivityIndicatorView.swift */ = {isa = PBXFileReference; lastKnownFileType = sourcecode.swift; path = UIActivityIndicatorView.swift; sourceTree = "<group>"; };
		F2762A3B24ED454B00CB6434 /* UIViewController.swift */ = {isa = PBXFileReference; lastKnownFileType = sourcecode.swift; path = UIViewController.swift; sourceTree = "<group>"; };
		F2872FC4248A6B4A0001F77C /* BookListTableViewCell.swift */ = {isa = PBXFileReference; lastKnownFileType = sourcecode.swift; path = BookListTableViewCell.swift; sourceTree = "<group>"; };
		F2A167F9248A2CF5007502D9 /* D-Book.app */ = {isa = PBXFileReference; explicitFileType = wrapper.application; includeInIndex = 0; path = "D-Book.app"; sourceTree = BUILT_PRODUCTS_DIR; };
		F2A16803248A2CF5007502D9 /* Base */ = {isa = PBXFileReference; lastKnownFileType = file.storyboard; name = Base; path = Base.lproj/Main.storyboard; sourceTree = "<group>"; };
		F2A16805248A2CF8007502D9 /* Assets.xcassets */ = {isa = PBXFileReference; lastKnownFileType = folder.assetcatalog; path = Assets.xcassets; sourceTree = "<group>"; };
		F2A16808248A2CF8007502D9 /* Base */ = {isa = PBXFileReference; lastKnownFileType = file.storyboard; name = Base; path = Base.lproj/LaunchScreen.storyboard; sourceTree = "<group>"; };
		F2A1680A248A2CF8007502D9 /* Info.plist */ = {isa = PBXFileReference; lastKnownFileType = text.plist.xml; path = Info.plist; sourceTree = "<group>"; };
		F2B3E6EC24A9781B00AE23F1 /* JalnanOTF.otf */ = {isa = PBXFileReference; lastKnownFileType = file; path = JalnanOTF.otf; sourceTree = "<group>"; };
		F2CF199624FFB7C80086CBB2 /* BookListViewController.swift */ = {isa = PBXFileReference; lastKnownFileType = sourcecode.swift; path = BookListViewController.swift; sourceTree = "<group>"; };
		F2E3E81A2540489900A716C6 /* AppDelegate.swift */ = {isa = PBXFileReference; fileEncoding = 4; lastKnownFileType = sourcecode.swift; path = AppDelegate.swift; sourceTree = "<group>"; };
		F2F15FD624BBDE92001FA06B /* Login.storyboard */ = {isa = PBXFileReference; lastKnownFileType = file.storyboard; path = Login.storyboard; sourceTree = "<group>"; };
		F779AC549219EDFA0FDB4573 /* Pods_D_Book.framework */ = {isa = PBXFileReference; explicitFileType = wrapper.framework; includeInIndex = 0; path = Pods_D_Book.framework; sourceTree = BUILT_PRODUCTS_DIR; };
/* End PBXFileReference section */

/* Begin PBXFrameworksBuildPhase section */
		F2A167F6248A2CF5007502D9 /* Frameworks */ = {
			isa = PBXFrameworksBuildPhase;
			buildActionMask = 2147483647;
			files = (
				7A3C980F4E1DD7E22D056CFF /* Pods_D_Book.framework in Frameworks */,
			);
			runOnlyForDeploymentPostprocessing = 0;
		};
/* End PBXFrameworksBuildPhase section */

/* Begin PBXGroup section */
		7262C6DBA25435246B5FE52A /* Pods */ = {
			isa = PBXGroup;
			children = (
				304C64F014188F07463407B7 /* Pods-D-Book.debug.xcconfig */,
				7CC34EA1358F899A7A054E71 /* Pods-D-Book.release.xcconfig */,
			);
			path = Pods;
			sourceTree = "<group>";
		};
		9FADF5592400D00378313F0C /* Frameworks */ = {
			isa = PBXGroup;
			children = (
				F779AC549219EDFA0FDB4573 /* Pods_D_Book.framework */,
			);
			name = Frameworks;
			sourceTree = "<group>";
		};
		F22B4E0824F6693C00873DEC /* SignUp */ = {
			isa = PBXGroup;
			children = (
				F22B4E0924F6698B00873DEC /* SignUpViewController.swift */,
				F22B4E0D24F67F8F00873DEC /* SignUpViewModel.swift */,
			);
			path = SignUp;
			sourceTree = "<group>";
		};
		F2762A2F24ED324700CB6434 /* Modules */ = {
			isa = PBXGroup;
			children = (
				F2E3E82425404A7100A716C6 /* Login */,
				F2E3E82725404B5000A716C6 /* SignUp */,
				F2E3E82825404C2E00A716C6 /* BookList */,
				F2E3E82925404C3700A716C6 /* BookDetail */,
				F2E3E82A25404C4800A716C6 /* MyLibrary */,
				F2E3E82B25404C5B00A716C6 /* BookViewer */,
				F2E3E82C25404C7600A716C6 /* Settings */,
				F2E3E82325404A6300A716C6 /* OldFile */,
			);
			path = Modules;
			sourceTree = "<group>";
		};
		F2762A3024ED326400CB6434 /* Login */ = {
			isa = PBXGroup;
			children = (
				F26A78E524CAB9C400EE4378 /* LoginViewController.swift */,
				F26A78E924CABAA100EE4378 /* LoginViewModel.swift */,
			);
			path = Login;
			sourceTree = "<group>";
		};
		F2762A3124ED3E4500CB6434 /* Managers */ = {
			isa = PBXGroup;
			children = (
				F2762A3224ED3E5F00CB6434 /* TokenManager.swift */,
				F2762A3624ED43BB00CB6434 /* DatabaseManager.swift */,
			);
			path = Managers;
			sourceTree = "<group>";
		};
		F2762A3824ED446C00CB6434 /* Extension */ = {
			isa = PBXGroup;
			children = (
				F2762A3924ED44B100CB6434 /* UIActivityIndicatorView.swift */,
				F2762A3B24ED454B00CB6434 /* UIViewController.swift */,
			);
			path = Extension;
			sourceTree = "<group>";
		};
		F2A167F0248A2CF5007502D9 = {
			isa = PBXGroup;
			children = (
				F2A167FB248A2CF5007502D9 /* D-Book */,
				F2A167FA248A2CF5007502D9 /* Products */,
				7262C6DBA25435246B5FE52A /* Pods */,
				9FADF5592400D00378313F0C /* Frameworks */,
			);
			sourceTree = "<group>";
		};
		F2A167FA248A2CF5007502D9 /* Products */ = {
			isa = PBXGroup;
			children = (
				F2A167F9248A2CF5007502D9 /* D-Book.app */,
			);
			name = Products;
			sourceTree = "<group>";
		};
		F2A167FB248A2CF5007502D9 /* D-Book */ = {
			isa = PBXGroup;
			children = (
				F2E3E81A2540489900A716C6 /* AppDelegate.swift */,
				F2E3E8192540488B00A716C6 /* Flows */,
				F2E3E81D254048F700A716C6 /* Common */,
				F2E3E81E254048FB00A716C6 /* Configs */,
				F2762A3824ED446C00CB6434 /* Extension */,
				F2762A3124ED3E4500CB6434 /* Managers */,
				F2D05D3424AADC0400E229CD /* Models */,
				F2762A2F24ED324700CB6434 /* Modules */,
				F2D05D3A24AADD9000E229CD /* Networking */,
				F2E3E81F2540490400A716C6 /* Thrid Party */,
				F2E3E82525404ABD00A716C6 /* Resources */,
			);
			path = "D-Book";
			sourceTree = "<group>";
		};
		F2B3E6EB24A977A900AE23F1 /* Font */ = {
			isa = PBXGroup;
			children = (
				F2A1680A248A2CF8007502D9 /* Info.plist */,
				F2B3E6EC24A9781B00AE23F1 /* JalnanOTF.otf */,
			);
			path = Font;
			sourceTree = "<group>";
		};
		F2CF199524FFB7610086CBB2 /* BookList */ = {
			isa = PBXGroup;
			children = (
				F2CF199624FFB7C80086CBB2 /* BookListViewController.swift */,
				F26A2B87251225DA00B0228E /* BookListViewModel.swift */,
			);
			path = BookList;
			sourceTree = "<group>";
		};
		F2D05D3424AADC0400E229CD /* Models */ = {
			isa = PBXGroup;
			children = (
				F2762A3424ED41B200CB6434 /* User.swift */,
			);
			path = Models;
			sourceTree = "<group>";
		};
		F2D05D3A24AADD9000E229CD /* Networking */ = {
			isa = PBXGroup;
			children = (
				F22B4E1224F684E000873DEC /* DefaultResponse.swift */,
			);
			path = Networking;
			sourceTree = "<group>";
		};
		F2E3E8192540488B00A716C6 /* Flows */ = {
			isa = PBXGroup;
			children = (
			);
			path = Flows;
			sourceTree = "<group>";
		};
		F2E3E81D254048F700A716C6 /* Common */ = {
			isa = PBXGroup;
			children = (
				F26A78EC24CBA96500EE4378 /* ViewModelType.swift */,
				F26A78EE24CBACE600EE4378 /* ResponseProtocol.swift */,
			);
			path = Common;
			sourceTree = "<group>";
		};
		F2E3E81E254048FB00A716C6 /* Configs */ = {
			isa = PBXGroup;
			children = (
			);
			path = Configs;
			sourceTree = "<group>";
		};
		F2E3E81F2540490400A716C6 /* Thrid Party */ = {
			isa = PBXGroup;
			children = (
			);
			path = "Thrid Party";
			sourceTree = "<group>";
		};
		F2E3E82325404A6300A716C6 /* OldFile */ = {
			isa = PBXGroup;
			children = (
				F2872FC4248A6B4A0001F77C /* BookListTableViewCell.swift */,
				F2F15FD624BBDE92001FA06B /* Login.storyboard */,
				F2A16802248A2CF5007502D9 /* Main.storyboard */,
				F2CF199524FFB7610086CBB2 /* BookList */,
				F2762A3024ED326400CB6434 /* Login */,
				F22B4E0824F6693C00873DEC /* SignUp */,
			);
			path = OldFile;
			sourceTree = "<group>";
		};
		F2E3E82425404A7100A716C6 /* Login */ = {
			isa = PBXGroup;
			children = (
			);
			path = Login;
			sourceTree = "<group>";
		};
		F2E3E82525404ABD00A716C6 /* Resources */ = {
			isa = PBXGroup;
			children = (
				F2B3E6EB24A977A900AE23F1 /* Font */,
				F2A16807248A2CF8007502D9 /* LaunchScreen.storyboard */,
				F2A16805248A2CF8007502D9 /* Assets.xcassets */,
			);
			name = Resources;
			sourceTree = "<group>";
		};
		F2E3E82725404B5000A716C6 /* SignUp */ = {
			isa = PBXGroup;
			children = (
			);
			path = SignUp;
			sourceTree = "<group>";
		};
		F2E3E82825404C2E00A716C6 /* BookList */ = {
			isa = PBXGroup;
			children = (
			);
			path = BookList;
			sourceTree = "<group>";
		};
		F2E3E82925404C3700A716C6 /* BookDetail */ = {
			isa = PBXGroup;
			children = (
			);
			path = BookDetail;
			sourceTree = "<group>";
		};
		F2E3E82A25404C4800A716C6 /* MyLibrary */ = {
			isa = PBXGroup;
			children = (
			);
			path = MyLibrary;
			sourceTree = "<group>";
		};
		F2E3E82B25404C5B00A716C6 /* BookViewer */ = {
			isa = PBXGroup;
			children = (
			);
			path = BookViewer;
			sourceTree = "<group>";
		};
		F2E3E82C25404C7600A716C6 /* Settings */ = {
			isa = PBXGroup;
			children = (
			);
			path = Settings;
			sourceTree = "<group>";
		};
/* End PBXGroup section */

/* Begin PBXNativeTarget section */
		F2A167F8248A2CF5007502D9 /* D-Book */ = {
			isa = PBXNativeTarget;
			buildConfigurationList = F2A1680D248A2CF8007502D9 /* Build configuration list for PBXNativeTarget "D-Book" */;
			buildPhases = (
				DEE30BC1BA58D00BCED99810 /* [CP] Check Pods Manifest.lock */,
				F2A167F5248A2CF5007502D9 /* Sources */,
				F2A167F6248A2CF5007502D9 /* Frameworks */,
				F2A167F7248A2CF5007502D9 /* Resources */,
				780F1FB3E09A9BF55442DAA3 /* [CP] Embed Pods Frameworks */,
			);
			buildRules = (
			);
			dependencies = (
			);
			name = "D-Book";
			productName = "D-Book";
			productReference = F2A167F9248A2CF5007502D9 /* D-Book.app */;
			productType = "com.apple.product-type.application";
		};
/* End PBXNativeTarget section */

/* Begin PBXProject section */
		F2A167F1248A2CF5007502D9 /* Project object */ = {
			isa = PBXProject;
			attributes = {
				LastSwiftUpdateCheck = 1150;
				LastUpgradeCheck = 1150;
				ORGANIZATIONNAME = MinseokKang;
				TargetAttributes = {
					F2A167F8248A2CF5007502D9 = {
						CreatedOnToolsVersion = 11.5;
					};
				};
			};
			buildConfigurationList = F2A167F4248A2CF5007502D9 /* Build configuration list for PBXProject "D-Book" */;
			compatibilityVersion = "Xcode 9.3";
			developmentRegion = en;
			hasScannedForEncodings = 0;
			knownRegions = (
				en,
				Base,
			);
			mainGroup = F2A167F0248A2CF5007502D9;
			productRefGroup = F2A167FA248A2CF5007502D9 /* Products */;
			projectDirPath = "";
			projectRoot = "";
			targets = (
				F2A167F8248A2CF5007502D9 /* D-Book */,
			);
		};
/* End PBXProject section */

/* Begin PBXResourcesBuildPhase section */
		F2A167F7248A2CF5007502D9 /* Resources */ = {
			isa = PBXResourcesBuildPhase;
			buildActionMask = 2147483647;
			files = (
				F2A16809248A2CF8007502D9 /* LaunchScreen.storyboard in Resources */,
				F2B3E6ED24A9781B00AE23F1 /* JalnanOTF.otf in Resources */,
				F2A16806248A2CF8007502D9 /* Assets.xcassets in Resources */,
				F2F15FD724BBDE92001FA06B /* Login.storyboard in Resources */,
				F2A16804248A2CF5007502D9 /* Main.storyboard in Resources */,
			);
			runOnlyForDeploymentPostprocessing = 0;
		};
/* End PBXResourcesBuildPhase section */

/* Begin PBXShellScriptBuildPhase section */
		780F1FB3E09A9BF55442DAA3 /* [CP] Embed Pods Frameworks */ = {
			isa = PBXShellScriptBuildPhase;
			buildActionMask = 2147483647;
			files = (
			);
			inputFileListPaths = (
				"${PODS_ROOT}/Target Support Files/Pods-D-Book/Pods-D-Book-frameworks-${CONFIGURATION}-input-files.xcfilelist",
			);
			name = "[CP] Embed Pods Frameworks";
			outputFileListPaths = (
				"${PODS_ROOT}/Target Support Files/Pods-D-Book/Pods-D-Book-frameworks-${CONFIGURATION}-output-files.xcfilelist",
			);
			runOnlyForDeploymentPostprocessing = 0;
			shellPath = /bin/sh;
			shellScript = "\"${PODS_ROOT}/Target Support Files/Pods-D-Book/Pods-D-Book-frameworks.sh\"\n";
			showEnvVarsInLog = 0;
		};
		DEE30BC1BA58D00BCED99810 /* [CP] Check Pods Manifest.lock */ = {
			isa = PBXShellScriptBuildPhase;
			buildActionMask = 2147483647;
			files = (
			);
			inputFileListPaths = (
			);
			inputPaths = (
				"${PODS_PODFILE_DIR_PATH}/Podfile.lock",
				"${PODS_ROOT}/Manifest.lock",
			);
			name = "[CP] Check Pods Manifest.lock";
			outputFileListPaths = (
			);
			outputPaths = (
				"$(DERIVED_FILE_DIR)/Pods-D-Book-checkManifestLockResult.txt",
			);
			runOnlyForDeploymentPostprocessing = 0;
			shellPath = /bin/sh;
			shellScript = "diff \"${PODS_PODFILE_DIR_PATH}/Podfile.lock\" \"${PODS_ROOT}/Manifest.lock\" > /dev/null\nif [ $? != 0 ] ; then\n    # print error to STDERR\n    echo \"error: The sandbox is not in sync with the Podfile.lock. Run 'pod install' or update your CocoaPods installation.\" >&2\n    exit 1\nfi\n# This output is used by Xcode 'outputs' to avoid re-running this script phase.\necho \"SUCCESS\" > \"${SCRIPT_OUTPUT_FILE_0}\"\n";
			showEnvVarsInLog = 0;
		};
/* End PBXShellScriptBuildPhase section */

/* Begin PBXSourcesBuildPhase section */
		F2A167F5248A2CF5007502D9 /* Sources */ = {
			isa = PBXSourcesBuildPhase;
			buildActionMask = 2147483647;
			files = (
				F2762A3C24ED454B00CB6434 /* UIViewController.swift in Sources */,
				F22B4E0E24F67F8F00873DEC /* SignUpViewModel.swift in Sources */,
				F2CF199724FFB7C80086CBB2 /* BookListViewController.swift in Sources */,
				F2872FC5248A6B4A0001F77C /* BookListTableViewCell.swift in Sources */,
				F22B4E1324F684E000873DEC /* DefaultResponse.swift in Sources */,
				F26A78EF24CBACE600EE4378 /* ResponseProtocol.swift in Sources */,
				F2E3E81B2540489900A716C6 /* AppDelegate.swift in Sources */,
				F26A2B88251225DA00B0228E /* BookListViewModel.swift in Sources */,
				F26A78EA24CABAA100EE4378 /* LoginViewModel.swift in Sources */,
				F2762A3A24ED44B100CB6434 /* UIActivityIndicatorView.swift in Sources */,
				F26A78E624CAB9C400EE4378 /* LoginViewController.swift in Sources */,
				F22B4E0A24F6698B00873DEC /* SignUpViewController.swift in Sources */,
				F2762A3724ED43BB00CB6434 /* DatabaseManager.swift in Sources */,
				F26A78ED24CBA96500EE4378 /* ViewModelType.swift in Sources */,
				F2762A3324ED3E5F00CB6434 /* TokenManager.swift in Sources */,
				F2762A3524ED41B200CB6434 /* User.swift in Sources */,
			);
			runOnlyForDeploymentPostprocessing = 0;
		};
/* End PBXSourcesBuildPhase section */

/* Begin PBXVariantGroup section */
		F2A16802248A2CF5007502D9 /* Main.storyboard */ = {
			isa = PBXVariantGroup;
			children = (
				F2A16803248A2CF5007502D9 /* Base */,
			);
			name = Main.storyboard;
			sourceTree = "<group>";
		};
		F2A16807248A2CF8007502D9 /* LaunchScreen.storyboard */ = {
			isa = PBXVariantGroup;
			children = (
				F2A16808248A2CF8007502D9 /* Base */,
			);
			name = LaunchScreen.storyboard;
			sourceTree = "<group>";
		};
/* End PBXVariantGroup section */

/* Begin XCBuildConfiguration section */
		F2A1680B248A2CF8007502D9 /* Debug */ = {
			isa = XCBuildConfiguration;
			buildSettings = {
				ALWAYS_SEARCH_USER_PATHS = NO;
				CLANG_ANALYZER_NONNULL = YES;
				CLANG_ANALYZER_NUMBER_OBJECT_CONVERSION = YES_AGGRESSIVE;
				CLANG_CXX_LANGUAGE_STANDARD = "gnu++14";
				CLANG_CXX_LIBRARY = "libc++";
				CLANG_ENABLE_MODULES = YES;
				CLANG_ENABLE_OBJC_ARC = YES;
				CLANG_ENABLE_OBJC_WEAK = YES;
				CLANG_WARN_BLOCK_CAPTURE_AUTORELEASING = YES;
				CLANG_WARN_BOOL_CONVERSION = YES;
				CLANG_WARN_COMMA = YES;
				CLANG_WARN_CONSTANT_CONVERSION = YES;
				CLANG_WARN_DEPRECATED_OBJC_IMPLEMENTATIONS = YES;
				CLANG_WARN_DIRECT_OBJC_ISA_USAGE = YES_ERROR;
				CLANG_WARN_DOCUMENTATION_COMMENTS = YES;
				CLANG_WARN_EMPTY_BODY = YES;
				CLANG_WARN_ENUM_CONVERSION = YES;
				CLANG_WARN_INFINITE_RECURSION = YES;
				CLANG_WARN_INT_CONVERSION = YES;
				CLANG_WARN_NON_LITERAL_NULL_CONVERSION = YES;
				CLANG_WARN_OBJC_IMPLICIT_RETAIN_SELF = YES;
				CLANG_WARN_OBJC_LITERAL_CONVERSION = YES;
				CLANG_WARN_OBJC_ROOT_CLASS = YES_ERROR;
				CLANG_WARN_RANGE_LOOP_ANALYSIS = YES;
				CLANG_WARN_STRICT_PROTOTYPES = YES;
				CLANG_WARN_SUSPICIOUS_MOVE = YES;
				CLANG_WARN_UNGUARDED_AVAILABILITY = YES_AGGRESSIVE;
				CLANG_WARN_UNREACHABLE_CODE = YES;
				CLANG_WARN__DUPLICATE_METHOD_MATCH = YES;
				COPY_PHASE_STRIP = NO;
				DEBUG_INFORMATION_FORMAT = dwarf;
				ENABLE_STRICT_OBJC_MSGSEND = YES;
				ENABLE_TESTABILITY = YES;
				GCC_C_LANGUAGE_STANDARD = gnu11;
				GCC_DYNAMIC_NO_PIC = NO;
				GCC_NO_COMMON_BLOCKS = YES;
				GCC_OPTIMIZATION_LEVEL = 0;
				GCC_PREPROCESSOR_DEFINITIONS = (
					"DEBUG=1",
					"$(inherited)",
				);
				GCC_WARN_64_TO_32_BIT_CONVERSION = YES;
				GCC_WARN_ABOUT_RETURN_TYPE = YES_ERROR;
				GCC_WARN_UNDECLARED_SELECTOR = YES;
				GCC_WARN_UNINITIALIZED_AUTOS = YES_AGGRESSIVE;
				GCC_WARN_UNUSED_FUNCTION = YES;
				GCC_WARN_UNUSED_VARIABLE = YES;
				IPHONEOS_DEPLOYMENT_TARGET = 13.0;
				MTL_ENABLE_DEBUG_INFO = INCLUDE_SOURCE;
				MTL_FAST_MATH = YES;
				ONLY_ACTIVE_ARCH = YES;
				SDKROOT = iphoneos;
				SWIFT_ACTIVE_COMPILATION_CONDITIONS = DEBUG;
				SWIFT_OPTIMIZATION_LEVEL = "-Onone";
			};
			name = Debug;
		};
		F2A1680C248A2CF8007502D9 /* Release */ = {
			isa = XCBuildConfiguration;
			buildSettings = {
				ALWAYS_SEARCH_USER_PATHS = NO;
				CLANG_ANALYZER_NONNULL = YES;
				CLANG_ANALYZER_NUMBER_OBJECT_CONVERSION = YES_AGGRESSIVE;
				CLANG_CXX_LANGUAGE_STANDARD = "gnu++14";
				CLANG_CXX_LIBRARY = "libc++";
				CLANG_ENABLE_MODULES = YES;
				CLANG_ENABLE_OBJC_ARC = YES;
				CLANG_ENABLE_OBJC_WEAK = YES;
				CLANG_WARN_BLOCK_CAPTURE_AUTORELEASING = YES;
				CLANG_WARN_BOOL_CONVERSION = YES;
				CLANG_WARN_COMMA = YES;
				CLANG_WARN_CONSTANT_CONVERSION = YES;
				CLANG_WARN_DEPRECATED_OBJC_IMPLEMENTATIONS = YES;
				CLANG_WARN_DIRECT_OBJC_ISA_USAGE = YES_ERROR;
				CLANG_WARN_DOCUMENTATION_COMMENTS = YES;
				CLANG_WARN_EMPTY_BODY = YES;
				CLANG_WARN_ENUM_CONVERSION = YES;
				CLANG_WARN_INFINITE_RECURSION = YES;
				CLANG_WARN_INT_CONVERSION = YES;
				CLANG_WARN_NON_LITERAL_NULL_CONVERSION = YES;
				CLANG_WARN_OBJC_IMPLICIT_RETAIN_SELF = YES;
				CLANG_WARN_OBJC_LITERAL_CONVERSION = YES;
				CLANG_WARN_OBJC_ROOT_CLASS = YES_ERROR;
				CLANG_WARN_RANGE_LOOP_ANALYSIS = YES;
				CLANG_WARN_STRICT_PROTOTYPES = YES;
				CLANG_WARN_SUSPICIOUS_MOVE = YES;
				CLANG_WARN_UNGUARDED_AVAILABILITY = YES_AGGRESSIVE;
				CLANG_WARN_UNREACHABLE_CODE = YES;
				CLANG_WARN__DUPLICATE_METHOD_MATCH = YES;
				COPY_PHASE_STRIP = NO;
				DEBUG_INFORMATION_FORMAT = "dwarf-with-dsym";
				ENABLE_NS_ASSERTIONS = NO;
				ENABLE_STRICT_OBJC_MSGSEND = YES;
				GCC_C_LANGUAGE_STANDARD = gnu11;
				GCC_NO_COMMON_BLOCKS = YES;
				GCC_WARN_64_TO_32_BIT_CONVERSION = YES;
				GCC_WARN_ABOUT_RETURN_TYPE = YES_ERROR;
				GCC_WARN_UNDECLARED_SELECTOR = YES;
				GCC_WARN_UNINITIALIZED_AUTOS = YES_AGGRESSIVE;
				GCC_WARN_UNUSED_FUNCTION = YES;
				GCC_WARN_UNUSED_VARIABLE = YES;
				IPHONEOS_DEPLOYMENT_TARGET = 13.0;
				MTL_ENABLE_DEBUG_INFO = NO;
				MTL_FAST_MATH = YES;
				SDKROOT = iphoneos;
				SWIFT_COMPILATION_MODE = wholemodule;
				SWIFT_OPTIMIZATION_LEVEL = "-O";
				VALIDATE_PRODUCT = YES;
			};
			name = Release;
		};
		F2A1680E248A2CF8007502D9 /* Debug */ = {
			isa = XCBuildConfiguration;
			baseConfigurationReference = 304C64F014188F07463407B7 /* Pods-D-Book.debug.xcconfig */;
			buildSettings = {
				ASSETCATALOG_COMPILER_APPICON_NAME = AppIcon;
				CODE_SIGN_STYLE = Automatic;
				DEVELOPMENT_TEAM = 75FNRKTJ9S;
				INFOPLIST_FILE = "D-Book/Info.plist";
				LD_RUNPATH_SEARCH_PATHS = (
					"$(inherited)",
					"@executable_path/Frameworks",
				);
				PRODUCT_BUNDLE_IDENTIFIER = "com.tistory.axe-num1.D-Book";
				PRODUCT_NAME = "$(TARGET_NAME)";
				SWIFT_VERSION = 5.0;
				TARGETED_DEVICE_FAMILY = "1,2";
			};
			name = Debug;
		};
		F2A1680F248A2CF8007502D9 /* Release */ = {
			isa = XCBuildConfiguration;
			baseConfigurationReference = 7CC34EA1358F899A7A054E71 /* Pods-D-Book.release.xcconfig */;
			buildSettings = {
				ASSETCATALOG_COMPILER_APPICON_NAME = AppIcon;
				CODE_SIGN_STYLE = Automatic;
				DEVELOPMENT_TEAM = 75FNRKTJ9S;
				INFOPLIST_FILE = "D-Book/Info.plist";
				LD_RUNPATH_SEARCH_PATHS = (
					"$(inherited)",
					"@executable_path/Frameworks",
				);
				PRODUCT_BUNDLE_IDENTIFIER = "com.tistory.axe-num1.D-Book";
				PRODUCT_NAME = "$(TARGET_NAME)";
				SWIFT_VERSION = 5.0;
				TARGETED_DEVICE_FAMILY = "1,2";
			};
			name = Release;
		};
/* End XCBuildConfiguration section */

/* Begin XCConfigurationList section */
		F2A167F4248A2CF5007502D9 /* Build configuration list for PBXProject "D-Book" */ = {
			isa = XCConfigurationList;
			buildConfigurations = (
				F2A1680B248A2CF8007502D9 /* Debug */,
				F2A1680C248A2CF8007502D9 /* Release */,
			);
			defaultConfigurationIsVisible = 0;
			defaultConfigurationName = Release;
		};
		F2A1680D248A2CF8007502D9 /* Build configuration list for PBXNativeTarget "D-Book" */ = {
			isa = XCConfigurationList;
			buildConfigurations = (
				F2A1680E248A2CF8007502D9 /* Debug */,
				F2A1680F248A2CF8007502D9 /* Release */,
			);
			defaultConfigurationIsVisible = 0;
			defaultConfigurationName = Release;
		};
/* End XCConfigurationList section */
	};
	rootObject = F2A167F1248A2CF5007502D9 /* Project object */;
}
