PODS:
  - Alamofire (5.2.1)
  - KeychainAccess (4.2.0)
  - Realm (5.0.1):
    - Realm/Headers (= 5.0.1)
  - Realm/Headers (5.0.1)
  - RealmSwift (5.0.1):
    - Realm (= 5.0.1)
  - RxAlamofire (5.3.1):
    - RxAlamofire/Core (= 5.3.1)
  - RxAlamofire/Core (5.3.1):
    - Alamofire (~> 5.1)
    - RxSwift (~> 5.1)
  - RxCocoa (5.1.1):
    - RxRelay (~> 5)
    - RxSwift (~> 5)
  - RxRelay (5.1.1):
    - RxSwift (~> 5)
  - RxSwift (5.1.1)

DEPENDENCIES:
  - Alamofire
  - KeychainAccess
  - RealmSwift
  - RxAlamofire
  - RxCocoa
  - RxSwift

SPEC REPOS:
  trunk:
    - Alamofire
    - KeychainAccess
    - Realm
    - RealmSwift
    - RxAlamofire
    - RxCocoa
    - RxRelay
    - RxSwift

SPEC CHECKSUMS:
  Alamofire: e911732990610fe89af59ac0077f923d72dc3dfd
  KeychainAccess: 3f760109aa99b05d0f231e28b22642da7153e38a
  Realm: d36cfc336d76d2e15b13651beb6050f49354de4b
  RealmSwift: f29ae0ceaf4fbaf4803c40bbebd838ea2beb903a
  RxAlamofire: 15502b290253fab68688dafd60914c6390e9cc73
  RxCocoa: 32065309a38d29b5b0db858819b5bf9ef038b601
  RxRelay: d77f7d771495f43c556cbc43eebd1bb54d01e8e9
  RxSwift: 81470a2074fa8780320ea5fe4102807cb7118178

PODFILE CHECKSUM: 10aabbe771e1637262919e336a2c14c13b15ec87

COCOAPODS: 1.9.3
